
Microsoft Visual Studio Solution File, Format Version 12.00
# Visual Studio Version 17
VisualStudioVersion = 17.11.35303.130
MinimumVisualStudioVersion = 10.0.40219.1
Project("{2150E333-8FDC-42A3-9474-1A3956D46DE8}") = "Services", "Services", "{942EE07A-7C92-4B53-9691-0A20E3378851}"
EndProject
Project("{2150E333-8FDC-42A3-9474-1A3956D46DE8}") = "Cart Service", "Cart Service", "{9ED215DB-BDDA-465A-A8FD-D39A1E8AA878}"
EndProject
Project("{2150E333-8FDC-42A3-9474-1A3956D46DE8}") = "Catalog Service", "Catalog Service", "{23CEA5AA-5A31-410F-AC33-35994F778AB4}"
EndProject
Project("{9A19103F-16F7-4668-BE54-9A1E7A4F7556}") = "CatalogService.Infrastructure", "CatalogService\CatalogService.Infrastructure\CatalogService.Infrastructure.csproj", "{28AFC046-D085-4A63-9AD1-C92A7A6247F1}"
EndProject
Project("{9A19103F-16F7-4668-BE54-9A1E7A4F7556}") = "CatalogService.Domain", "CatalogService\CatalogService.Domain\CatalogService.Domain.csproj", "{EC192CCE-02E9-4669-8DEF-A03A54002FAE}"
EndProject
Project("{2150E333-8FDC-42A3-9474-1A3956D46DE8}") = "src", "src", "{54C3361E-0D6D-49F0-862C-50398591B63D}"
EndProject
Project("{2150E333-8FDC-42A3-9474-1A3956D46DE8}") = "tests", "tests", "{39F2EB76-247B-44B5-A29F-C15C0EE135FF}"
EndProject
Project("{2150E333-8FDC-42A3-9474-1A3956D46DE8}") = "src", "src", "{BA3EB351-E0F9-4F90-9D4E-7AF2917F20AF}"
EndProject
Project("{2150E333-8FDC-42A3-9474-1A3956D46DE8}") = "tests", "tests", "{A6E8E87B-EAB5-40A9-B11B-1DEBE00D7145}"
EndProject
Project("{9A19103F-16F7-4668-BE54-9A1E7A4F7556}") = "CatalogService.Application", "CatalogService\CatalogService.Application\CatalogService.Application.csproj", "{FC19B36D-159E-4BE4-8339-14A037DF9BEC}"
EndProject
Project("{9A19103F-16F7-4668-BE54-9A1E7A4F7556}") = "CartService", "CartService\CartService\CartService.csproj", "{FF4B047F-1EA4-41E9-8742-521E3FBC7779}"
EndProject
Project("{9A19103F-16F7-4668-BE54-9A1E7A4F7556}") = "CatalogService.Domain.UnitTests", "CatalogService\CatalogService.Domain.UnitTests\CatalogService.Domain.UnitTests.csproj", "{3DE02F67-1D22-4E60-857E-30EB810B9D07}"
EndProject
Project("{9A19103F-16F7-4668-BE54-9A1E7A4F7556}") = "CatalogService.Application.IntegrationTests", "CatalogService\CatalogService.Application.IntegrationTests\CatalogService.Application.IntegrationTests.csproj", "{5FE1289D-5C78-48EC-BF7F-678D4BC08FD4}"
EndProject
Project("{9A19103F-16F7-4668-BE54-9A1E7A4F7556}") = "CatalogService.Application.UnitTests", "CatalogService\CatalogService.Application.UnitTests\CatalogService.Application.UnitTests.csproj", "{0F177B8F-D4AC-4074-9222-8FE45E6F4445}"
EndProject
Project("{9A19103F-16F7-4668-BE54-9A1E7A4F7556}") = "CartService.IntegrationTests", "CartService\CartService.IntegrationTests\CartService.IntegrationTests.csproj", "{9B0862AC-4E40-4B16-83DC-9E7AAD71662B}"
EndProject
Project("{9A19103F-16F7-4668-BE54-9A1E7A4F7556}") = "CartService.UnitTests", "CartService\CartService.UnitTests\CartService.UnitTests.csproj", "{BA198A14-48AF-4B81-8125-0E012D987423}"
EndProject
Project("{9A19103F-16F7-4668-BE54-9A1E7A4F7556}") = "CatalogService.WebApi", "CatalogService\CatalogService.WebApi\CatalogService.WebApi.csproj", "{C9700809-800C-4961-8BD8-C5CB0152C1B6}"
EndProject
Project("{9A19103F-16F7-4668-BE54-9A1E7A4F7556}") = "CatalogService.WebApi.IntegrationTests", "CatalogService\CatalogService.WebApi.IntegrationTests\CatalogService.WebApi.IntegrationTests.csproj", "{D8EE2C0A-605B-4CB7-83C0-94E2F7B79507}"
EndProject
Project("{9A19103F-16F7-4668-BE54-9A1E7A4F7556}") = "CartService.WebApi", "CartService\CartService.WebApi\CartService.WebApi.csproj", "{91B334C4-F085-46CF-BD23-193CDDAD8356}"
EndProject
Project("{FAE04EC0-301F-11D3-BF4B-00C04F79EFBC}") = "CartService.WebApi.IntegrationTests", "CartService\CartService.WebApi.IntegrationTests\CartService.WebApi.IntegrationTests.csproj", "{BED20228-7215-4D04-BD2B-C32714354365}"
EndProject
Global
	GlobalSection(SolutionConfigurationPlatforms) = preSolution
		Debug|Any CPU = Debug|Any CPU
		Release|Any CPU = Release|Any CPU
	EndGlobalSection
	GlobalSection(ProjectConfigurationPlatforms) = postSolution
		{28AFC046-D085-4A63-9AD1-C92A7A6247F1}.Debug|Any CPU.ActiveCfg = Debug|Any CPU
		{28AFC046-D085-4A63-9AD1-C92A7A6247F1}.Debug|Any CPU.Build.0 = Debug|Any CPU
		{28AFC046-D085-4A63-9AD1-C92A7A6247F1}.Release|Any CPU.ActiveCfg = Release|Any CPU
		{28AFC046-D085-4A63-9AD1-C92A7A6247F1}.Release|Any CPU.Build.0 = Release|Any CPU
		{EC192CCE-02E9-4669-8DEF-A03A54002FAE}.Debug|Any CPU.ActiveCfg = Debug|Any CPU
		{EC192CCE-02E9-4669-8DEF-A03A54002FAE}.Debug|Any CPU.Build.0 = Debug|Any CPU
		{EC192CCE-02E9-4669-8DEF-A03A54002FAE}.Release|Any CPU.ActiveCfg = Release|Any CPU
		{EC192CCE-02E9-4669-8DEF-A03A54002FAE}.Release|Any CPU.Build.0 = Release|Any CPU
		{FC19B36D-159E-4BE4-8339-14A037DF9BEC}.Debug|Any CPU.ActiveCfg = Debug|Any CPU
		{FC19B36D-159E-4BE4-8339-14A037DF9BEC}.Debug|Any CPU.Build.0 = Debug|Any CPU
		{FC19B36D-159E-4BE4-8339-14A037DF9BEC}.Release|Any CPU.ActiveCfg = Release|Any CPU
		{FC19B36D-159E-4BE4-8339-14A037DF9BEC}.Release|Any CPU.Build.0 = Release|Any CPU
		{FF4B047F-1EA4-41E9-8742-521E3FBC7779}.Debug|Any CPU.ActiveCfg = Debug|Any CPU
		{FF4B047F-1EA4-41E9-8742-521E3FBC7779}.Debug|Any CPU.Build.0 = Debug|Any CPU
		{FF4B047F-1EA4-41E9-8742-521E3FBC7779}.Release|Any CPU.ActiveCfg = Release|Any CPU
		{FF4B047F-1EA4-41E9-8742-521E3FBC7779}.Release|Any CPU.Build.0 = Release|Any CPU
		{3DE02F67-1D22-4E60-857E-30EB810B9D07}.Debug|Any CPU.ActiveCfg = Debug|Any CPU
		{3DE02F67-1D22-4E60-857E-30EB810B9D07}.Debug|Any CPU.Build.0 = Debug|Any CPU
		{3DE02F67-1D22-4E60-857E-30EB810B9D07}.Release|Any CPU.ActiveCfg = Release|Any CPU
		{3DE02F67-1D22-4E60-857E-30EB810B9D07}.Release|Any CPU.Build.0 = Release|Any CPU
		{5FE1289D-5C78-48EC-BF7F-678D4BC08FD4}.Debug|Any CPU.ActiveCfg = Debug|Any CPU
		{5FE1289D-5C78-48EC-BF7F-678D4BC08FD4}.Debug|Any CPU.Build.0 = Debug|Any CPU
		{5FE1289D-5C78-48EC-BF7F-678D4BC08FD4}.Release|Any CPU.ActiveCfg = Release|Any CPU
		{5FE1289D-5C78-48EC-BF7F-678D4BC08FD4}.Release|Any CPU.Build.0 = Release|Any CPU
		{0F177B8F-D4AC-4074-9222-8FE45E6F4445}.Debug|Any CPU.ActiveCfg = Debug|Any CPU
		{0F177B8F-D4AC-4074-9222-8FE45E6F4445}.Debug|Any CPU.Build.0 = Debug|Any CPU
		{0F177B8F-D4AC-4074-9222-8FE45E6F4445}.Release|Any CPU.ActiveCfg = Release|Any CPU
		{0F177B8F-D4AC-4074-9222-8FE45E6F4445}.Release|Any CPU.Build.0 = Release|Any CPU
		{9B0862AC-4E40-4B16-83DC-9E7AAD71662B}.Debug|Any CPU.ActiveCfg = Debug|Any CPU
		{9B0862AC-4E40-4B16-83DC-9E7AAD71662B}.Debug|Any CPU.Build.0 = Debug|Any CPU
		{9B0862AC-4E40-4B16-83DC-9E7AAD71662B}.Release|Any CPU.ActiveCfg = Release|Any CPU
		{9B0862AC-4E40-4B16-83DC-9E7AAD71662B}.Release|Any CPU.Build.0 = Release|Any CPU
		{BA198A14-48AF-4B81-8125-0E012D987423}.Debug|Any CPU.ActiveCfg = Debug|Any CPU
		{BA198A14-48AF-4B81-8125-0E012D987423}.Debug|Any CPU.Build.0 = Debug|Any CPU
		{BA198A14-48AF-4B81-8125-0E012D987423}.Release|Any CPU.ActiveCfg = Release|Any CPU
		{BA198A14-48AF-4B81-8125-0E012D987423}.Release|Any CPU.Build.0 = Release|Any CPU
		{C9700809-800C-4961-8BD8-C5CB0152C1B6}.Debug|Any CPU.ActiveCfg = Debug|Any CPU
		{C9700809-800C-4961-8BD8-C5CB0152C1B6}.Debug|Any CPU.Build.0 = Debug|Any CPU
		{C9700809-800C-4961-8BD8-C5CB0152C1B6}.Release|Any CPU.ActiveCfg = Release|Any CPU
		{C9700809-800C-4961-8BD8-C5CB0152C1B6}.Release|Any CPU.Build.0 = Release|Any CPU
		{D8EE2C0A-605B-4CB7-83C0-94E2F7B79507}.Debug|Any CPU.ActiveCfg = Debug|Any CPU
		{D8EE2C0A-605B-4CB7-83C0-94E2F7B79507}.Debug|Any CPU.Build.0 = Debug|Any CPU
		{D8EE2C0A-605B-4CB7-83C0-94E2F7B79507}.Release|Any CPU.ActiveCfg = Release|Any CPU
		{D8EE2C0A-605B-4CB7-83C0-94E2F7B79507}.Release|Any CPU.Build.0 = Release|Any CPU
		{91B334C4-F085-46CF-BD23-193CDDAD8356}.Debug|Any CPU.ActiveCfg = Debug|Any CPU
		{91B334C4-F085-46CF-BD23-193CDDAD8356}.Debug|Any CPU.Build.0 = Debug|Any CPU
		{91B334C4-F085-46CF-BD23-193CDDAD8356}.Release|Any CPU.ActiveCfg = Release|Any CPU
		{91B334C4-F085-46CF-BD23-193CDDAD8356}.Release|Any CPU.Build.0 = Release|Any CPU
		{BED20228-7215-4D04-BD2B-C32714354365}.Debug|Any CPU.ActiveCfg = Debug|Any CPU
		{BED20228-7215-4D04-BD2B-C32714354365}.Debug|Any CPU.Build.0 = Debug|Any CPU
		{BED20228-7215-4D04-BD2B-C32714354365}.Release|Any CPU.ActiveCfg = Release|Any CPU
		{BED20228-7215-4D04-BD2B-C32714354365}.Release|Any CPU.Build.0 = Release|Any CPU
	EndGlobalSection
	GlobalSection(SolutionProperties) = preSolution
		HideSolutionNode = FALSE
	EndGlobalSection
	GlobalSection(NestedProjects) = preSolution
		{9ED215DB-BDDA-465A-A8FD-D39A1E8AA878} = {942EE07A-7C92-4B53-9691-0A20E3378851}
		{23CEA5AA-5A31-410F-AC33-35994F778AB4} = {942EE07A-7C92-4B53-9691-0A20E3378851}
		{28AFC046-D085-4A63-9AD1-C92A7A6247F1} = {54C3361E-0D6D-49F0-862C-50398591B63D}
		{EC192CCE-02E9-4669-8DEF-A03A54002FAE} = {54C3361E-0D6D-49F0-862C-50398591B63D}
		{54C3361E-0D6D-49F0-862C-50398591B63D} = {23CEA5AA-5A31-410F-AC33-35994F778AB4}
		{39F2EB76-247B-44B5-A29F-C15C0EE135FF} = {23CEA5AA-5A31-410F-AC33-35994F778AB4}
		{BA3EB351-E0F9-4F90-9D4E-7AF2917F20AF} = {9ED215DB-BDDA-465A-A8FD-D39A1E8AA878}
		{A6E8E87B-EAB5-40A9-B11B-1DEBE00D7145} = {9ED215DB-BDDA-465A-A8FD-D39A1E8AA878}
		{FC19B36D-159E-4BE4-8339-14A037DF9BEC} = {54C3361E-0D6D-49F0-862C-50398591B63D}
		{FF4B047F-1EA4-41E9-8742-521E3FBC7779} = {BA3EB351-E0F9-4F90-9D4E-7AF2917F20AF}
		{3DE02F67-1D22-4E60-857E-30EB810B9D07} = {39F2EB76-247B-44B5-A29F-C15C0EE135FF}
		{5FE1289D-5C78-48EC-BF7F-678D4BC08FD4} = {39F2EB76-247B-44B5-A29F-C15C0EE135FF}
		{0F177B8F-D4AC-4074-9222-8FE45E6F4445} = {39F2EB76-247B-44B5-A29F-C15C0EE135FF}
		{9B0862AC-4E40-4B16-83DC-9E7AAD71662B} = {A6E8E87B-EAB5-40A9-B11B-1DEBE00D7145}
		{BA198A14-48AF-4B81-8125-0E012D987423} = {A6E8E87B-EAB5-40A9-B11B-1DEBE00D7145}
		{C9700809-800C-4961-8BD8-C5CB0152C1B6} = {54C3361E-0D6D-49F0-862C-50398591B63D}
		{D8EE2C0A-605B-4CB7-83C0-94E2F7B79507} = {39F2EB76-247B-44B5-A29F-C15C0EE135FF}
		{91B334C4-F085-46CF-BD23-193CDDAD8356} = {BA3EB351-E0F9-4F90-9D4E-7AF2917F20AF}
		{BED20228-7215-4D04-BD2B-C32714354365} = {A6E8E87B-EAB5-40A9-B11B-1DEBE00D7145}
	EndGlobalSection
	GlobalSection(ExtensibilityGlobals) = postSolution
		SolutionGuid = {7F381FDB-A84B-4B6B-9932-A420D8E34713}
	EndGlobalSection
EndGlobal
